// !$*UTF8*$!
{
	archiveVersion = 1;
	classes = {
	};
	objectVersion = 46;
	objects = {

/* Begin PBXBuildFile section */
		662CA3A918AD89AC00FC558A /* Foundation.framework in Frameworks */ = {isa = PBXBuildFile; fileRef = 662CA3A818AD89AC00FC558A /* Foundation.framework */; };
		662CA3AB18AD89AC00FC558A /* CoreGraphics.framework in Frameworks */ = {isa = PBXBuildFile; fileRef = 662CA3AA18AD89AC00FC558A /* CoreGraphics.framework */; };
		662CA3AD18AD89AC00FC558A /* UIKit.framework in Frameworks */ = {isa = PBXBuildFile; fileRef = 662CA3AC18AD89AC00FC558A /* UIKit.framework */; };
		662CA3B318AD89AD00FC558A /* InfoPlist.strings in Resources */ = {isa = PBXBuildFile; fileRef = 662CA3B118AD89AD00FC558A /* InfoPlist.strings */; };
		662CA3B518AD89AD00FC558A /* main.m in Sources */ = {isa = PBXBuildFile; fileRef = 662CA3B418AD89AD00FC558A /* main.m */; };
		662CA3BC18AD89AD00FC558A /* Main_iPhone.storyboard in Resources */ = {isa = PBXBuildFile; fileRef = 662CA3BA18AD89AD00FC558A /* Main_iPhone.storyboard */; };
		662CA3C218AD89AD00FC558A /* BAViewController.m in Sources */ = {isa = PBXBuildFile; fileRef = 662CA3C118AD89AD00FC558A /* BAViewController.m */; };
		662CA3C418AD89AD00FC558A /* Images.xcassets in Resources */ = {isa = PBXBuildFile; fileRef = 662CA3C318AD89AD00FC558A /* Images.xcassets */; };
		6638D9CA194A9AB700D59B35 /* BARateAppAlertHandler.m in Sources */ = {isa = PBXBuildFile; fileRef = 6638D9C9194A9AB700D59B35 /* BARateAppAlertHandler.m */; };
		6648645418BAC53500A0CEAB /* BAAppDelegate.m in Sources */ = {isa = PBXBuildFile; fileRef = 6648645318BAC53500A0CEAB /* BAAppDelegate.m */; };
		6648645718BAC55200A0CEAB /* BASettings.m in Sources */ = {isa = PBXBuildFile; fileRef = 6648645618BAC55200A0CEAB /* BASettings.m */; };
		6680D53419397BD300D05792 /* BAInfoAlertHandler.m in Sources */ = {isa = PBXBuildFile; fileRef = 6680D53319397BD300D05792 /* BAInfoAlertHandler.m */; };
		6680D537193CE45900D05792 /* BARemoveAdsAlertHandler.m in Sources */ = {isa = PBXBuildFile; fileRef = 6680D536193CE45900D05792 /* BARemoveAdsAlertHandler.m */; };
		66A4D71E19145EED0073FCE3 /* BAGraphView.m in Sources */ = {isa = PBXBuildFile; fileRef = 66A4D71D19145EED0073FCE3 /* BAGraphView.m */; };
		66A4D72119155AD50073FCE3 /* BAGraphViewController.m in Sources */ = {isa = PBXBuildFile; fileRef = 66C1D993190AF81000D38ACE /* BAGraphViewController.m */; };
		66A4D728191ABEA50073FCE3 /* iAd.framework in Frameworks */ = {isa = PBXBuildFile; fileRef = 66A4D727191ABEA50073FCE3 /* iAd.framework */; };
		66FEFB0C18AEA75B0044853D /* BATableViewController.m in Sources */ = {isa = PBXBuildFile; fileRef = 66FEFB0B18AEA75B0044853D /* BATableViewController.m */; };
/* End PBXBuildFile section */

/* Begin PBXFileReference section */
		6620853418FDC15000C32460 /* InAppProductIDs.plist */ = {isa = PBXFileReference; fileEncoding = 4; lastKnownFileType = text.plist.xml; path = InAppProductIDs.plist; sourceTree = "<group>"; };
		662CA3A518AD89AC00FC558A /* ฿ Average.app */ = {isa = PBXFileReference; explicitFileType = wrapper.application; includeInIndex = 0; path = "฿ Average.app"; sourceTree = BUILT_PRODUCTS_DIR; };
		662CA3A818AD89AC00FC558A /* Foundation.framework */ = {isa = PBXFileReference; lastKnownFileType = wrapper.framework; name = Foundation.framework; path = System/Library/Frameworks/Foundation.framework; sourceTree = SDKROOT; };
		662CA3AA18AD89AC00FC558A /* CoreGraphics.framework */ = {isa = PBXFileReference; lastKnownFileType = wrapper.framework; name = CoreGraphics.framework; path = System/Library/Frameworks/CoreGraphics.framework; sourceTree = SDKROOT; };
		662CA3AC18AD89AC00FC558A /* UIKit.framework */ = {isa = PBXFileReference; lastKnownFileType = wrapper.framework; name = UIKit.framework; path = System/Library/Frameworks/UIKit.framework; sourceTree = SDKROOT; };
		662CA3B018AD89AD00FC558A /* BitcoinAverage-Info.plist */ = {isa = PBXFileReference; lastKnownFileType = text.plist.xml; path = "BitcoinAverage-Info.plist"; sourceTree = "<group>"; };
		662CA3B218AD89AD00FC558A /* en */ = {isa = PBXFileReference; lastKnownFileType = text.plist.strings; name = en; path = en.lproj/InfoPlist.strings; sourceTree = "<group>"; };
		662CA3B418AD89AD00FC558A /* main.m */ = {isa = PBXFileReference; lastKnownFileType = sourcecode.c.objc; path = main.m; sourceTree = "<group>"; };
		662CA3B618AD89AD00FC558A /* BitcoinAverage-Prefix.pch */ = {isa = PBXFileReference; lastKnownFileType = sourcecode.c.h; path = "BitcoinAverage-Prefix.pch"; sourceTree = "<group>"; };
		662CA3B718AD89AD00FC558A /* BAAppDelegate.h */ = {isa = PBXFileReference; lastKnownFileType = sourcecode.c.h; path = BAAppDelegate.h; sourceTree = "<group>"; };
		662CA3BB18AD89AD00FC558A /* Base */ = {isa = PBXFileReference; lastKnownFileType = file.storyboard; name = Base; path = Base.lproj/Main_iPhone.storyboard; sourceTree = "<group>"; };
		662CA3C018AD89AD00FC558A /* BAViewController.h */ = {isa = PBXFileReference; lastKnownFileType = sourcecode.c.h; path = BAViewController.h; sourceTree = "<group>"; };
		662CA3C118AD89AD00FC558A /* BAViewController.m */ = {isa = PBXFileReference; lastKnownFileType = sourcecode.c.objc; path = BAViewController.m; sourceTree = "<group>"; };
		662CA3C318AD89AD00FC558A /* Images.xcassets */ = {isa = PBXFileReference; lastKnownFileType = folder.assetcatalog; path = Images.xcassets; sourceTree = "<group>"; };
		662CA3CA18AD89AD00FC558A /* XCTest.framework */ = {isa = PBXFileReference; lastKnownFileType = wrapper.framework; name = XCTest.framework; path = Library/Frameworks/XCTest.framework; sourceTree = DEVELOPER_DIR; };
		6638D9C8194A9AB700D59B35 /* BARateAppAlertHandler.h */ = {isa = PBXFileReference; fileEncoding = 4; lastKnownFileType = sourcecode.c.h; path = BARateAppAlertHandler.h; sourceTree = "<group>"; };
		6638D9C9194A9AB700D59B35 /* BARateAppAlertHandler.m */ = {isa = PBXFileReference; fileEncoding = 4; lastKnownFileType = sourcecode.c.objc; path = BARateAppAlertHandler.m; sourceTree = "<group>"; };
		6648645318BAC53500A0CEAB /* BAAppDelegate.m */ = {isa = PBXFileReference; fileEncoding = 4; lastKnownFileType = sourcecode.c.objc; path = BAAppDelegate.m; sourceTree = "<group>"; };
		6648645518BAC55200A0CEAB /* BASettings.h */ = {isa = PBXFileReference; fileEncoding = 4; lastKnownFileType = sourcecode.c.h; path = BASettings.h; sourceTree = "<group>"; };
		6648645618BAC55200A0CEAB /* BASettings.m */ = {isa = PBXFileReference; fileEncoding = 4; lastKnownFileType = sourcecode.c.objc; path = BASettings.m; sourceTree = "<group>"; };
		6648645818BD8FF600A0CEAB /* TODO */ = {isa = PBXFileReference; lastKnownFileType = text; name = TODO; path = ../TODO; sourceTree = "<group>"; };
		6680D53219397BD300D05792 /* BAInfoAlertHandler.h */ = {isa = PBXFileReference; fileEncoding = 4; lastKnownFileType = sourcecode.c.h; path = BAInfoAlertHandler.h; sourceTree = "<group>"; };
		6680D53319397BD300D05792 /* BAInfoAlertHandler.m */ = {isa = PBXFileReference; fileEncoding = 4; lastKnownFileType = sourcecode.c.objc; path = BAInfoAlertHandler.m; sourceTree = "<group>"; };
		6680D535193CE45900D05792 /* BARemoveAdsAlertHandler.h */ = {isa = PBXFileReference; fileEncoding = 4; lastKnownFileType = sourcecode.c.h; path = BARemoveAdsAlertHandler.h; sourceTree = "<group>"; };
		6680D536193CE45900D05792 /* BARemoveAdsAlertHandler.m */ = {isa = PBXFileReference; fileEncoding = 4; lastKnownFileType = sourcecode.c.objc; path = BARemoveAdsAlertHandler.m; sourceTree = "<group>"; };
		668EEDB3190096B20099E252 /* StoreKit.framework */ = {isa = PBXFileReference; lastKnownFileType = wrapper.framework; name = StoreKit.framework; path = System/Library/Frameworks/StoreKit.framework; sourceTree = SDKROOT; };
		66A4D71C19145EED0073FCE3 /* BAGraphView.h */ = {isa = PBXFileReference; fileEncoding = 4; lastKnownFileType = sourcecode.c.h; path = BAGraphView.h; sourceTree = "<group>"; };
		66A4D71D19145EED0073FCE3 /* BAGraphView.m */ = {isa = PBXFileReference; fileEncoding = 4; lastKnownFileType = sourcecode.c.objc; path = BAGraphView.m; sourceTree = "<group>"; };
		66A4D727191ABEA50073FCE3 /* iAd.framework */ = {isa = PBXFileReference; lastKnownFileType = wrapper.framework; name = iAd.framework; path = System/Library/Frameworks/iAd.framework; sourceTree = SDKROOT; };
		66B8DB58190441CD001B0890 /* BAPaymentTransactionObserver.h */ = {isa = PBXFileReference; fileEncoding = 4; lastKnownFileType = sourcecode.c.h; path = BAPaymentTransactionObserver.h; sourceTree = "<group>"; };
		66B8DB59190441CD001B0890 /* BAPaymentTransactionObserver.m */ = {isa = PBXFileReference; fileEncoding = 4; lastKnownFileType = sourcecode.c.objc; path = BAPaymentTransactionObserver.m; sourceTree = "<group>"; };
		66BD635F18EDFC2A00C4E618 /* BAQRCodeViewController.h */ = {isa = PBXFileReference; fileEncoding = 4; lastKnownFileType = sourcecode.c.h; path = BAQRCodeViewController.h; sourceTree = "<group>"; };
		66BD636018EDFC2A00C4E618 /* BAQRCodeViewController.m */ = {isa = PBXFileReference; fileEncoding = 4; lastKnownFileType = sourcecode.c.objc; path = BAQRCodeViewController.m; sourceTree = "<group>"; };
		66C1D992190AF81000D38ACE /* BAGraphViewController.h */ = {isa = PBXFileReference; fileEncoding = 4; lastKnownFileType = sourcecode.c.h; path = BAGraphViewController.h; sourceTree = "<group>"; };
		66C1D993190AF81000D38ACE /* BAGraphViewController.m */ = {isa = PBXFileReference; fileEncoding = 4; lastKnownFileType = sourcecode.c.objc; path = BAGraphViewController.m; sourceTree = "<group>"; };
		66D34F2B18EC1BFA00257C69 /* changelog */ = {isa = PBXFileReference; fileEncoding = 4; lastKnownFileType = text; path = changelog; sourceTree = SOURCE_ROOT; };
		66FEFB0A18AEA75B0044853D /* BATableViewController.h */ = {isa = PBXFileReference; fileEncoding = 4; lastKnownFileType = sourcecode.c.h; path = BATableViewController.h; sourceTree = "<group>"; };
		66FEFB0B18AEA75B0044853D /* BATableViewController.m */ = {isa = PBXFileReference; fileEncoding = 4; lastKnownFileType = sourcecode.c.objc; path = BATableViewController.m; sourceTree = "<group>"; };
/* End PBXFileReference section */

/* Begin PBXFrameworksBuildPhase section */
		662CA3A218AD89AC00FC558A /* Frameworks */ = {
			isa = PBXFrameworksBuildPhase;
			buildActionMask = 2147483647;
			files = (
				66A4D728191ABEA50073FCE3 /* iAd.framework in Frameworks */,
				662CA3AB18AD89AC00FC558A /* CoreGraphics.framework in Frameworks */,
				662CA3AD18AD89AC00FC558A /* UIKit.framework in Frameworks */,
				662CA3A918AD89AC00FC558A /* Foundation.framework in Frameworks */,
			);
			runOnlyForDeploymentPostprocessing = 0;
		};
/* End PBXFrameworksBuildPhase section */

/* Begin PBXGroup section */
		662CA39C18AD89AC00FC558A = {
			isa = PBXGroup;
			children = (
				662CA3AE18AD89AD00FC558A /* BitcoinAverage */,
				662CA3A718AD89AC00FC558A /* Frameworks */,
				662CA3A618AD89AC00FC558A /* Products */,
			);
			sourceTree = "<group>";
		};
		662CA3A618AD89AC00FC558A /* Products */ = {
			isa = PBXGroup;
			children = (
				662CA3A518AD89AC00FC558A /* ฿ Average.app */,
			);
			name = Products;
			sourceTree = "<group>";
		};
		662CA3A718AD89AC00FC558A /* Frameworks */ = {
			isa = PBXGroup;
			children = (
				66A4D727191ABEA50073FCE3 /* iAd.framework */,
				668EEDB3190096B20099E252 /* StoreKit.framework */,
				662CA3A818AD89AC00FC558A /* Foundation.framework */,
				662CA3AA18AD89AC00FC558A /* CoreGraphics.framework */,
				662CA3AC18AD89AC00FC558A /* UIKit.framework */,
				662CA3CA18AD89AD00FC558A /* XCTest.framework */,
			);
			name = Frameworks;
			sourceTree = "<group>";
		};
		662CA3AE18AD89AD00FC558A /* BitcoinAverage */ = {
			isa = PBXGroup;
			children = (
				66D34F2B18EC1BFA00257C69 /* changelog */,
				6648645818BD8FF600A0CEAB /* TODO */,
				66A4D7261919A4510073FCE3 /* App Delegate */,
				66A4D7241919A4220073FCE3 /* Settings */,
				66A4D7221919A1F70073FCE3 /* Main View */,
				66A4D7231919A2000073FCE3 /* Currency Table */,
				66A4D72019145F0B0073FCE3 /* QR Code */,
				66A4D71F19145EF90073FCE3 /* Graph */,
				66A4D7251919A4360073FCE3 /* Transaction */,
				662CA3BA18AD89AD00FC558A /* Main_iPhone.storyboard */,
				662CA3C318AD89AD00FC558A /* Images.xcassets */,
				662CA3AF18AD89AD00FC558A /* Supporting Files */,
			);
			path = BitcoinAverage;
			sourceTree = SOURCE_ROOT;
		};
		662CA3AF18AD89AD00FC558A /* Supporting Files */ = {
			isa = PBXGroup;
			children = (
				662CA3B018AD89AD00FC558A /* BitcoinAverage-Info.plist */,
				662CA3B118AD89AD00FC558A /* InfoPlist.strings */,
				662CA3B418AD89AD00FC558A /* main.m */,
				662CA3B618AD89AD00FC558A /* BitcoinAverage-Prefix.pch */,
				6620853418FDC15000C32460 /* InAppProductIDs.plist */,
			);
			name = "Supporting Files";
			sourceTree = "<group>";
		};
		66A4D71F19145EF90073FCE3 /* Graph */ = {
			isa = PBXGroup;
			children = (
				66C1D992190AF81000D38ACE /* BAGraphViewController.h */,
				66C1D993190AF81000D38ACE /* BAGraphViewController.m */,
				66A4D71C19145EED0073FCE3 /* BAGraphView.h */,
				66A4D71D19145EED0073FCE3 /* BAGraphView.m */,
			);
			name = Graph;
			sourceTree = "<group>";
		};
		66A4D72019145F0B0073FCE3 /* QR Code */ = {
			isa = PBXGroup;
			children = (
				66BD635F18EDFC2A00C4E618 /* BAQRCodeViewController.h */,
				66BD636018EDFC2A00C4E618 /* BAQRCodeViewController.m */,
			);
			name = "QR Code";
			sourceTree = "<group>";
		};
		66A4D7221919A1F70073FCE3 /* Main View */ = {
			isa = PBXGroup;
			children = (
				662CA3C018AD89AD00FC558A /* BAViewController.h */,
				662CA3C118AD89AD00FC558A /* BAViewController.m */,
				6680D53219397BD300D05792 /* BAInfoAlertHandler.h */,
				6680D53319397BD300D05792 /* BAInfoAlertHandler.m */,
				6680D535193CE45900D05792 /* BARemoveAdsAlertHandler.h */,
				6680D536193CE45900D05792 /* BARemoveAdsAlertHandler.m */,
				6638D9C8194A9AB700D59B35 /* BARateAppAlertHandler.h */,
				6638D9C9194A9AB700D59B35 /* BARateAppAlertHandler.m */,
			);
			name = "Main View";
			sourceTree = "<group>";
		};
		66A4D7231919A2000073FCE3 /* Currency Table */ = {
			isa = PBXGroup;
			children = (
				66FEFB0A18AEA75B0044853D /* BATableViewController.h */,
				66FEFB0B18AEA75B0044853D /* BATableViewController.m */,
			);
			name = "Currency Table";
			sourceTree = "<group>";
		};
		66A4D7241919A4220073FCE3 /* Settings */ = {
			isa = PBXGroup;
			children = (
				6648645518BAC55200A0CEAB /* BASettings.h */,
				6648645618BAC55200A0CEAB /* BASettings.m */,
			);
			name = Settings;
			sourceTree = "<group>";
		};
		66A4D7251919A4360073FCE3 /* Transaction */ = {
			isa = PBXGroup;
			children = (
				66B8DB58190441CD001B0890 /* BAPaymentTransactionObserver.h */,
				66B8DB59190441CD001B0890 /* BAPaymentTransactionObserver.m */,
			);
			name = Transaction;
			sourceTree = "<group>";
		};
		66A4D7261919A4510073FCE3 /* App Delegate */ = {
			isa = PBXGroup;
			children = (
				662CA3B718AD89AD00FC558A /* BAAppDelegate.h */,
				6648645318BAC53500A0CEAB /* BAAppDelegate.m */,
			);
			name = "App Delegate";
			sourceTree = "<group>";
		};
/* End PBXGroup section */

/* Begin PBXNativeTarget section */
		662CA3A418AD89AC00FC558A /* ฿ Average */ = {
			isa = PBXNativeTarget;
			buildConfigurationList = 662CA3DA18AD89AD00FC558A /* Build configuration list for PBXNativeTarget "฿ Average" */;
			buildPhases = (
				662CA3A118AD89AC00FC558A /* Sources */,
				662CA3A218AD89AC00FC558A /* Frameworks */,
				662CA3A318AD89AC00FC558A /* Resources */,
			);
			buildRules = (
			);
			dependencies = (
			);
			name = "฿ Average";
			productName = "BTC Average";
			productReference = 662CA3A518AD89AC00FC558A /* ฿ Average.app */;
			productType = "com.apple.product-type.application";
		};
/* End PBXNativeTarget section */

/* Begin PBXProject section */
		662CA39D18AD89AC00FC558A /* Project object */ = {
			isa = PBXProject;
			attributes = {
				CLASSPREFIX = BA;
				LastUpgradeCheck = 0700;
				ORGANIZATIONNAME = Nullriver;
				TargetAttributes = {
					662CA3A418AD89AC00FC558A = {
						DevelopmentTeam = S9LXU4668P;
						SystemCapabilities = {
							com.apple.BackgroundModes = {
								enabled = 1;
							};
						};
					};
				};
			};
			buildConfigurationList = 662CA3A018AD89AC00FC558A /* Build configuration list for PBXProject "BitcoinAverage" */;
			compatibilityVersion = "Xcode 3.2";
			developmentRegion = English;
			hasScannedForEncodings = 0;
			knownRegions = (
				en,
				Base,
			);
			mainGroup = 662CA39C18AD89AC00FC558A;
			productRefGroup = 662CA3A618AD89AC00FC558A /* Products */;
			projectDirPath = "";
			projectRoot = "";
			targets = (
				662CA3A418AD89AC00FC558A /* ฿ Average */,
			);
		};
/* End PBXProject section */

/* Begin PBXResourcesBuildPhase section */
		662CA3A318AD89AC00FC558A /* Resources */ = {
			isa = PBXResourcesBuildPhase;
			buildActionMask = 2147483647;
			files = (
				662CA3C418AD89AD00FC558A /* Images.xcassets in Resources */,
				662CA3BC18AD89AD00FC558A /* Main_iPhone.storyboard in Resources */,
				662CA3B318AD89AD00FC558A /* InfoPlist.strings in Resources */,
			);
			runOnlyForDeploymentPostprocessing = 0;
		};
/* End PBXResourcesBuildPhase section */

/* Begin PBXSourcesBuildPhase section */
		662CA3A118AD89AC00FC558A /* Sources */ = {
			isa = PBXSourcesBuildPhase;
			buildActionMask = 2147483647;
			files = (
				6638D9CA194A9AB700D59B35 /* BARateAppAlertHandler.m in Sources */,
				66A4D71E19145EED0073FCE3 /* BAGraphView.m in Sources */,
				66FEFB0C18AEA75B0044853D /* BATableViewController.m in Sources */,
				6680D537193CE45900D05792 /* BARemoveAdsAlertHandler.m in Sources */,
				6648645718BAC55200A0CEAB /* BASettings.m in Sources */,
				6648645418BAC53500A0CEAB /* BAAppDelegate.m in Sources */,
				6680D53419397BD300D05792 /* BAInfoAlertHandler.m in Sources */,
				662CA3C218AD89AD00FC558A /* BAViewController.m in Sources */,
				66A4D72119155AD50073FCE3 /* BAGraphViewController.m in Sources */,
				662CA3B518AD89AD00FC558A /* main.m in Sources */,
			);
			runOnlyForDeploymentPostprocessing = 0;
		};
/* End PBXSourcesBuildPhase section */

/* Begin PBXVariantGroup section */
		662CA3B118AD89AD00FC558A /* InfoPlist.strings */ = {
			isa = PBXVariantGroup;
			children = (
				662CA3B218AD89AD00FC558A /* en */,
			);
			name = InfoPlist.strings;
			sourceTree = "<group>";
		};
		662CA3BA18AD89AD00FC558A /* Main_iPhone.storyboard */ = {
			isa = PBXVariantGroup;
			children = (
				662CA3BB18AD89AD00FC558A /* Base */,
			);
			name = Main_iPhone.storyboard;
			sourceTree = "<group>";
		};
/* End PBXVariantGroup section */

/* Begin XCBuildConfiguration section */
		662CA3D818AD89AD00FC558A /* Debug */ = {
			isa = XCBuildConfiguration;
			buildSettings = {
				ALWAYS_SEARCH_USER_PATHS = NO;
				CLANG_CXX_LANGUAGE_STANDARD = "gnu++0x";
				CLANG_CXX_LIBRARY = "libc++";
				CLANG_ENABLE_MODULES = YES;
				CLANG_ENABLE_OBJC_ARC = YES;
				CLANG_WARN_BOOL_CONVERSION = YES;
				CLANG_WARN_CONSTANT_CONVERSION = YES;
				CLANG_WARN_DIRECT_OBJC_ISA_USAGE = YES_ERROR;
				CLANG_WARN_EMPTY_BODY = YES;
				CLANG_WARN_ENUM_CONVERSION = YES;
				CLANG_WARN_INT_CONVERSION = YES;
				CLANG_WARN_OBJC_ROOT_CLASS = YES_ERROR;
				CLANG_WARN__DUPLICATE_METHOD_MATCH = YES;
				"CODE_SIGN_IDENTITY[sdk=iphoneos*]" = "iPhone Developer";
				COPY_PHASE_STRIP = NO;
				ENABLE_TESTABILITY = YES;
				GCC_C_LANGUAGE_STANDARD = gnu99;
				GCC_DYNAMIC_NO_PIC = NO;
				GCC_OPTIMIZATION_LEVEL = 0;
				GCC_PREPROCESSOR_DEFINITIONS = (
					"DEBUG=1",
					"$(inherited)",
				);
				GCC_SYMBOLS_PRIVATE_EXTERN = NO;
				GCC_WARN_64_TO_32_BIT_CONVERSION = YES;
				GCC_WARN_ABOUT_RETURN_TYPE = YES_ERROR;
				GCC_WARN_UNDECLARED_SELECTOR = YES;
				GCC_WARN_UNINITIALIZED_AUTOS = YES;
				GCC_WARN_UNUSED_FUNCTION = YES;
				GCC_WARN_UNUSED_VARIABLE = YES;
				IPHONEOS_DEPLOYMENT_TARGET = 7.0;
				ONLY_ACTIVE_ARCH = YES;
				SDKROOT = iphoneos;
				TARGETED_DEVICE_FAMILY = 1;
			};
			name = Debug;
		};
		662CA3D918AD89AD00FC558A /* Release */ = {
			isa = XCBuildConfiguration;
			buildSettings = {
				ALWAYS_SEARCH_USER_PATHS = NO;
				CLANG_CXX_LANGUAGE_STANDARD = "gnu++0x";
				CLANG_CXX_LIBRARY = "libc++";
				CLANG_ENABLE_MODULES = YES;
				CLANG_ENABLE_OBJC_ARC = YES;
				CLANG_WARN_BOOL_CONVERSION = YES;
				CLANG_WARN_CONSTANT_CONVERSION = YES;
				CLANG_WARN_DIRECT_OBJC_ISA_USAGE = YES_ERROR;
				CLANG_WARN_EMPTY_BODY = YES;
				CLANG_WARN_ENUM_CONVERSION = YES;
				CLANG_WARN_INT_CONVERSION = YES;
				CLANG_WARN_OBJC_ROOT_CLASS = YES_ERROR;
				CLANG_WARN__DUPLICATE_METHOD_MATCH = YES;
				"CODE_SIGN_IDENTITY[sdk=iphoneos*]" = "iPhone Distribution";
				COPY_PHASE_STRIP = YES;
				ENABLE_NS_ASSERTIONS = NO;
				GCC_C_LANGUAGE_STANDARD = gnu99;
				GCC_WARN_64_TO_32_BIT_CONVERSION = YES;
				GCC_WARN_ABOUT_RETURN_TYPE = YES_ERROR;
				GCC_WARN_UNDECLARED_SELECTOR = YES;
				GCC_WARN_UNINITIALIZED_AUTOS = YES;
				GCC_WARN_UNUSED_FUNCTION = YES;
				GCC_WARN_UNUSED_VARIABLE = YES;
				IPHONEOS_DEPLOYMENT_TARGET = 7.0;
				SDKROOT = iphoneos;
				TARGETED_DEVICE_FAMILY = 1;
				VALIDATE_PRODUCT = YES;
			};
			name = Release;
		};
		662CA3DB18AD89AD00FC558A /* Debug */ = {
			isa = XCBuildConfiguration;
			buildSettings = {
				ASSETCATALOG_COMPILER_APPICON_NAME = AppIcon;
				ASSETCATALOG_COMPILER_LAUNCHIMAGE_NAME = LaunchImage;
				CODE_SIGN_IDENTITY = "iPhone Developer";
				"CODE_SIGN_IDENTITY[sdk=iphoneos*]" = "iPhone Developer";
				GCC_PRECOMPILE_PREFIX_HEADER = YES;
				GCC_PREFIX_HEADER = "BitcoinAverage/BitcoinAverage-Prefix.pch";
				INFOPLIST_FILE = "BitcoinAverage/BitcoinAverage-Info.plist";
				IPHONEOS_DEPLOYMENT_TARGET = 7.0;
				PRODUCT_BUNDLE_IDENTIFIER = com.nullriver.BitcoinAverage;
				PRODUCT_NAME = "฿ Average";
				PROVISIONING_PROFILE = "";
				TARGETED_DEVICE_FAMILY = 1;
				WRAPPER_EXTENSION = app;
			};
			name = Debug;
		};
		662CA3DC18AD89AD00FC558A /* Release */ = {
			isa = XCBuildConfiguration;
			buildSettings = {
				ASSETCATALOG_COMPILER_APPICON_NAME = AppIcon;
				ASSETCATALOG_COMPILER_LAUNCHIMAGE_NAME = LaunchImage;
				CODE_SIGN_IDENTITY = "iPhone Distribution";
				"CODE_SIGN_IDENTITY[sdk=iphoneos*]" = "iPhone Distribution";
				GCC_PRECOMPILE_PREFIX_HEADER = YES;
				GCC_PREFIX_HEADER = "BitcoinAverage/BitcoinAverage-Prefix.pch";
				INFOPLIST_FILE = "BitcoinAverage/BitcoinAverage-Info.plist";
				IPHONEOS_DEPLOYMENT_TARGET = 7.0;
				PRODUCT_BUNDLE_IDENTIFIER = com.nullriver.BitcoinAverage;
				PRODUCT_NAME = "฿ Average";
				PROVISIONING_PROFILE = "A3376044-76E4-4DAE-B157-5E03653F1302";
				TARGETED_DEVICE_FAMILY = 1;
				WRAPPER_EXTENSION = app;
			};
			name = Release;
		};
/* End XCBuildConfiguration section */

/* Begin XCConfigurationList section */
		662CA3A018AD89AC00FC558A /* Build configuration list for PBXProject "BitcoinAverage" */ = {
			isa = XCConfigurationList;
			buildConfigurations = (
				662CA3D818AD89AD00FC558A /* Debug */,
				662CA3D918AD89AD00FC558A /* Release */,
			);
			defaultConfigurationIsVisible = 0;
			defaultConfigurationName = Release;
		};
		662CA3DA18AD89AD00FC558A /* Build configuration list for PBXNativeTarget "฿ Average" */ = {
			isa = XCConfigurationList;
			buildConfigurations = (
				662CA3DB18AD89AD00FC558A /* Debug */,
				662CA3DC18AD89AD00FC558A /* Release */,
			);
			defaultConfigurationIsVisible = 0;
			defaultConfigurationName = Release;
		};
/* End XCConfigurationList section */
	};
	rootObject = 662CA39D18AD89AC00FC558A /* Project object */;
}
